// !$*UTF8*$!
{
	archiveVersion = 1;
	classes = {
	};
	objectVersion = 77;
	objects = {

/* Begin PBXContainerItemProxy section */
		08BB03942DA9BF3300DA40C0 /* PBXContainerItemProxy */ = {
			isa = PBXContainerItemProxy;
			containerPortal = 08BB037E2DA9BF3100DA40C0 /* Project object */;
			proxyType = 1;
			remoteGlobalIDString = 08BB03852DA9BF3100DA40C0;
			remoteInfo = Surgify;
		};
		08BB039E2DA9BF3300DA40C0 /* PBXContainerItemProxy */ = {
			isa = PBXContainerItemProxy;
			containerPortal = 08BB037E2DA9BF3100DA40C0 /* Project object */;
			proxyType = 1;
			remoteGlobalIDString = 08BB03852DA9BF3100DA40C0;
			remoteInfo = Surgify;
		};
/* End PBXContainerItemProxy section */

/* Begin PBXFileReference section */
		08BB03862DA9BF3100DA40C0 /* Surgify.app */ = {isa = PBXFileReference; explicitFileType = wrapper.application; includeInIndex = 0; path = Surgify.app; sourceTree = BUILT_PRODUCTS_DIR; };
		08BB03932DA9BF3300DA40C0 /* SurgifyTests.xctest */ = {isa = PBXFileReference; explicitFileType = wrapper.cfbundle; includeInIndex = 0; path = SurgifyTests.xctest; sourceTree = BUILT_PRODUCTS_DIR; };
		08BB039D2DA9BF3300DA40C0 /* SurgifyUITests.xctest */ = {isa = PBXFileReference; explicitFileType = wrapper.cfbundle; includeInIndex = 0; path = SurgifyUITests.xctest; sourceTree = BUILT_PRODUCTS_DIR; };
/* End PBXFileReference section */

/* Begin PBXFileSystemSynchronizedRootGroup section */
		08BB03882DA9BF3100DA40C0 /* Surgify */ = {
			isa = PBXFileSystemSynchronizedRootGroup;
			path = Surgify;
			sourceTree = "<group>";
		};
		08BB03962DA9BF3300DA40C0 /* SurgifyTests */ = {
			isa = PBXFileSystemSynchronizedRootGroup;
			path = SurgifyTests;
			sourceTree = "<group>";
		};
		08BB03A02DA9BF3300DA40C0 /* SurgifyUITests */ = {
			isa = PBXFileSystemSynchronizedRootGroup;
			path = SurgifyUITests;
			sourceTree = "<group>";
		};
/* End PBXFileSystemSynchronizedRootGroup section */

/* Begin PBXFrameworksBuildPhase section */
		08BB03832DA9BF3100DA40C0 /* Frameworks */ = {
			isa = PBXFrameworksBuildPhase;
			buildActionMask = 2147483647;
			files = (
			);
			runOnlyForDeploymentPostprocessing = 0;
		};
		08BB03902DA9BF3300DA40C0 /* Frameworks */ = {
			isa = PBXFrameworksBuildPhase;
			buildActionMask = 2147483647;
			files = (
			);
			runOnlyForDeploymentPostprocessing = 0;
		};
		08BB039A2DA9BF3300DA40C0 /* Frameworks */ = {
			isa = PBXFrameworksBuildPhase;
			buildActionMask = 2147483647;
			files = (
			);
			runOnlyForDeploymentPostprocessing = 0;
		};
/* End PBXFrameworksBuildPhase section */

/* Begin PBXGroup section */
		08BB037D2DA9BF3100DA40C0 = {
			isa = PBXGroup;
			children = (
				08BB03882DA9BF3100DA40C0 /* Surgify */,
				08BB03962DA9BF3300DA40C0 /* SurgifyTests */,
				08BB03A02DA9BF3300DA40C0 /* SurgifyUITests */,
				08BB03872DA9BF3100DA40C0 /* Products */,
			);
			sourceTree = "<group>";
		};
		08BB03872DA9BF3100DA40C0 /* Products */ = {
			isa = PBXGroup;
			children = (
				08BB03862DA9BF3100DA40C0 /* Surgify.app */,
				08BB03932DA9BF3300DA40C0 /* SurgifyTests.xctest */,
				08BB039D2DA9BF3300DA40C0 /* SurgifyUITests.xctest */,
			);
			name = Products;
			sourceTree = "<group>";
		};
/* End PBXGroup section */

/* Begin PBXNativeTarget section */
		08BB03852DA9BF3100DA40C0 /* Surgify */ = {
			isa = PBXNativeTarget;
			buildConfigurationList = 08BB03A72DA9BF3300DA40C0 /* Build configuration list for PBXNativeTarget "Surgify" */;
			buildPhases = (
				08BB03822DA9BF3100DA40C0 /* Sources */,
				08BB03832DA9BF3100DA40C0 /* Frameworks */,
				08BB03842DA9BF3100DA40C0 /* Resources */,
			);
			buildRules = (
			);
			dependencies = (
			);
			fileSystemSynchronizedGroups = (
				08BB03882DA9BF3100DA40C0 /* Surgify */,
			);
			name = Surgify;
			packageProductDependencies = (
			);
			productName = Surgify;
			productReference = 08BB03862DA9BF3100DA40C0 /* Surgify.app */;
			productType = "com.apple.product-type.application";
		};
		08BB03922DA9BF3300DA40C0 /* SurgifyTests */ = {
			isa = PBXNativeTarget;
			buildConfigurationList = 08BB03AA2DA9BF3300DA40C0 /* Build configuration list for PBXNativeTarget "SurgifyTests" */;
			buildPhases = (
				08BB038F2DA9BF3300DA40C0 /* Sources */,
				08BB03902DA9BF3300DA40C0 /* Frameworks */,
				08BB03912DA9BF3300DA40C0 /* Resources */,
			);
			buildRules = (
			);
			dependencies = (
				08BB03952DA9BF3300DA40C0 /* PBXTargetDependency */,
			);
			fileSystemSynchronizedGroups = (
				08BB03962DA9BF3300DA40C0 /* SurgifyTests */,
			);
			name = SurgifyTests;
			packageProductDependencies = (
			);
			productName = SurgifyTests;
			productReference = 08BB03932DA9BF3300DA40C0 /* SurgifyTests.xctest */;
			productType = "com.apple.product-type.bundle.unit-test";
		};
		08BB039C2DA9BF3300DA40C0 /* SurgifyUITests */ = {
			isa = PBXNativeTarget;
			buildConfigurationList = 08BB03AD2DA9BF3300DA40C0 /* Build configuration list for PBXNativeTarget "SurgifyUITests" */;
			buildPhases = (
				08BB03992DA9BF3300DA40C0 /* Sources */,
				08BB039A2DA9BF3300DA40C0 /* Frameworks */,
				08BB039B2DA9BF3300DA40C0 /* Resources */,
			);
			buildRules = (
			);
			dependencies = (
				08BB039F2DA9BF3300DA40C0 /* PBXTargetDependency */,
			);
			fileSystemSynchronizedGroups = (
				08BB03A02DA9BF3300DA40C0 /* SurgifyUITests */,
			);
			name = SurgifyUITests;
			packageProductDependencies = (
			);
			productName = SurgifyUITests;
			productReference = 08BB039D2DA9BF3300DA40C0 /* SurgifyUITests.xctest */;
			productType = "com.apple.product-type.bundle.ui-testing";
		};
/* End PBXNativeTarget section */

/* Begin PBXProject section */
		08BB037E2DA9BF3100DA40C0 /* Project object */ = {
			isa = PBXProject;
			attributes = {
				BuildIndependentTargetsInParallel = 1;
				LastSwiftUpdateCheck = 1630;
				LastUpgradeCheck = 1630;
				TargetAttributes = {
					08BB03852DA9BF3100DA40C0 = {
						CreatedOnToolsVersion = 16.3;
					};
					08BB03922DA9BF3300DA40C0 = {
						CreatedOnToolsVersion = 16.3;
						TestTargetID = 08BB03852DA9BF3100DA40C0;
					};
					08BB039C2DA9BF3300DA40C0 = {
						CreatedOnToolsVersion = 16.3;
						TestTargetID = 08BB03852DA9BF3100DA40C0;
					};
				};
			};
			buildConfigurationList = 08BB03812DA9BF3100DA40C0 /* Build configuration list for PBXProject "Surgify" */;
			developmentRegion = en;
			hasScannedForEncodings = 0;
			knownRegions = (
				en,
				Base,
			);
			mainGroup = 08BB037D2DA9BF3100DA40C0;
			minimizedProjectReferenceProxies = 1;
			preferredProjectObjectVersion = 77;
			productRefGroup = 08BB03872DA9BF3100DA40C0 /* Products */;
			projectDirPath = "";
			projectRoot = "";
			targets = (
				08BB03852DA9BF3100DA40C0 /* Surgify */,
				08BB03922DA9BF3300DA40C0 /* SurgifyTests */,
				08BB039C2DA9BF3300DA40C0 /* SurgifyUITests */,
			);
		};
/* End PBXProject section */

/* Begin PBXResourcesBuildPhase section */
		08BB03842DA9BF3100DA40C0 /* Resources */ = {
			isa = PBXResourcesBuildPhase;
			buildActionMask = 2147483647;
			files = (
			);
			runOnlyForDeploymentPostprocessing = 0;
		};
		08BB03912DA9BF3300DA40C0 /* Resources */ = {
			isa = PBXResourcesBuildPhase;
			buildActionMask = 2147483647;
			files = (
			);
			runOnlyForDeploymentPostprocessing = 0;
		};
		08BB039B2DA9BF3300DA40C0 /* Resources */ = {
			isa = PBXResourcesBuildPhase;
			buildActionMask = 2147483647;
			files = (
			);
			runOnlyForDeploymentPostprocessing = 0;
		};
/* End PBXResourcesBuildPhase section */

/* Begin PBXSourcesBuildPhase section */
		08BB03822DA9BF3100DA40C0 /* Sources */ = {
			isa = PBXSourcesBuildPhase;
			buildActionMask = 2147483647;
			files = (
			);
			runOnlyForDeploymentPostprocessing = 0;
		};
		08BB038F2DA9BF3300DA40C0 /* Sources */ = {
			isa = PBXSourcesBuildPhase;
			buildActionMask = 2147483647;
			files = (
			);
			runOnlyForDeploymentPostprocessing = 0;
		};
		08BB03992DA9BF3300DA40C0 /* Sources */ = {
			isa = PBXSourcesBuildPhase;
			buildActionMask = 2147483647;
			files = (
			);
			runOnlyForDeploymentPostprocessing = 0;
		};
/* End PBXSourcesBuildPhase section */

/* Begin PBXTargetDependency section */
		08BB03952DA9BF3300DA40C0 /* PBXTargetDependency */ = {
			isa = PBXTargetDependency;
			target = 08BB03852DA9BF3100DA40C0 /* Surgify */;
			targetProxy = 08BB03942DA9BF3300DA40C0 /* PBXContainerItemProxy */;
		};
		08BB039F2DA9BF3300DA40C0 /* PBXTargetDependency */ = {
			isa = PBXTargetDependency;
			target = 08BB03852DA9BF3100DA40C0 /* Surgify */;
			targetProxy = 08BB039E2DA9BF3300DA40C0 /* PBXContainerItemProxy */;
		};
/* End PBXTargetDependency section */

/* Begin XCBuildConfiguration section */
		08BB03A52DA9BF3300DA40C0 /* Debug */ = {
			isa = XCBuildConfiguration;
			buildSettings = {
				ALWAYS_SEARCH_USER_PATHS = NO;
				ASSETCATALOG_COMPILER_GENERATE_SWIFT_ASSET_SYMBOL_EXTENSIONS = YES;
				CLANG_ANALYZER_NONNULL = YES;
				CLANG_ANALYZER_NUMBER_OBJECT_CONVERSION = YES_AGGRESSIVE;
				CLANG_CXX_LANGUAGE_STANDARD = "gnu++20";
				CLANG_ENABLE_MODULES = YES;
				CLANG_ENABLE_OBJC_ARC = YES;
				CLANG_ENABLE_OBJC_WEAK = YES;
				CLANG_WARN_BLOCK_CAPTURE_AUTORELEASING = YES;
				CLANG_WARN_BOOL_CONVERSION = YES;
				CLANG_WARN_COMMA = YES;
				CLANG_WARN_CONSTANT_CONVERSION = YES;
				CLANG_WARN_DEPRECATED_OBJC_IMPLEMENTATIONS = YES;
				CLANG_WARN_DIRECT_OBJC_ISA_USAGE = YES_ERROR;
				CLANG_WARN_DOCUMENTATION_COMMENTS = YES;
				CLANG_WARN_EMPTY_BODY = YES;
				CLANG_WARN_ENUM_CONVERSION = YES;
				CLANG_WARN_INFINITE_RECURSION = YES;
				CLANG_WARN_INT_CONVERSION = YES;
				CLANG_WARN_NON_LITERAL_NULL_CONVERSION = YES;
				CLANG_WARN_OBJC_IMPLICIT_RETAIN_SELF = YES;
				CLANG_WARN_OBJC_LITERAL_CONVERSION = YES;
				CLANG_WARN_OBJC_ROOT_CLASS = YES_ERROR;
				CLANG_WARN_QUOTED_INCLUDE_IN_FRAMEWORK_HEADER = YES;
				CLANG_WARN_RANGE_LOOP_ANALYSIS = YES;
				CLANG_WARN_STRICT_PROTOTYPES = YES;
				CLANG_WARN_SUSPICIOUS_MOVE = YES;
				CLANG_WARN_UNGUARDED_AVAILABILITY = YES_AGGRESSIVE;
				CLANG_WARN_UNREACHABLE_CODE = YES;
				CLANG_WARN__DUPLICATE_METHOD_MATCH = YES;
				COPY_PHASE_STRIP = NO;
				DEBUG_INFORMATION_FORMAT = dwarf;
				DEVELOPMENT_TEAM = W8AL9H4QRG;
				ENABLE_STRICT_OBJC_MSGSEND = YES;
				ENABLE_TESTABILITY = YES;
				ENABLE_USER_SCRIPT_SANDBOXING = YES;
				GCC_C_LANGUAGE_STANDARD = gnu17;
				GCC_DYNAMIC_NO_PIC = NO;
				GCC_NO_COMMON_BLOCKS = YES;
				GCC_OPTIMIZATION_LEVEL = 0;
				GCC_PREPROCESSOR_DEFINITIONS = (
					"DEBUG=1",
					"$(inherited)",
				);
				GCC_WARN_64_TO_32_BIT_CONVERSION = YES;
				GCC_WARN_ABOUT_RETURN_TYPE = YES_ERROR;
				GCC_WARN_UNDECLARED_SELECTOR = YES;
				GCC_WARN_UNINITIALIZED_AUTOS = YES_AGGRESSIVE;
				GCC_WARN_UNUSED_FUNCTION = YES;
				GCC_WARN_UNUSED_VARIABLE = YES;
				IPHONEOS_DEPLOYMENT_TARGET = 18.4;
				LOCALIZATION_PREFERS_STRING_CATALOGS = YES;
				MTL_ENABLE_DEBUG_INFO = INCLUDE_SOURCE;
				MTL_FAST_MATH = YES;
				ONLY_ACTIVE_ARCH = YES;
				SDKROOT = iphoneos;
				SWIFT_ACTIVE_COMPILATION_CONDITIONS = "DEBUG $(inherited)";
				SWIFT_OPTIMIZATION_LEVEL = "-Onone";
			};
			name = Debug;
		};
		08BB03A62DA9BF3300DA40C0 /* Release */ = {
			isa = XCBuildConfiguration;
			buildSettings = {
				ALWAYS_SEARCH_USER_PATHS = NO;
				ASSETCATALOG_COMPILER_GENERATE_SWIFT_ASSET_SYMBOL_EXTENSIONS = YES;
				CLANG_ANALYZER_NONNULL = YES;
				CLANG_ANALYZER_NUMBER_OBJECT_CONVERSION = YES_AGGRESSIVE;
				CLANG_CXX_LANGUAGE_STANDARD = "gnu++20";
				CLANG_ENABLE_MODULES = YES;
				CLANG_ENABLE_OBJC_ARC = YES;
				CLANG_ENABLE_OBJC_WEAK = YES;
				CLANG_WARN_BLOCK_CAPTURE_AUTORELEASING = YES;
				CLANG_WARN_BOOL_CONVERSION = YES;
				CLANG_WARN_COMMA = YES;
				CLANG_WARN_CONSTANT_CONVERSION = YES;
				CLANG_WARN_DEPRECATED_OBJC_IMPLEMENTATIONS = YES;
				CLANG_WARN_DIRECT_OBJC_ISA_USAGE = YES_ERROR;
				CLANG_WARN_DOCUMENTATION_COMMENTS = YES;
				CLANG_WARN_EMPTY_BODY = YES;
				CLANG_WARN_ENUM_CONVERSION = YES;
				CLANG_WARN_INFINITE_RECURSION = YES;
				CLANG_WARN_INT_CONVERSION = YES;
				CLANG_WARN_NON_LITERAL_NULL_CONVERSION = YES;
				CLANG_WARN_OBJC_IMPLICIT_RETAIN_SELF = YES;
				CLANG_WARN_OBJC_LITERAL_CONVERSION = YES;
				CLANG_WARN_OBJC_ROOT_CLASS = YES_ERROR;
				CLANG_WARN_QUOTED_INCLUDE_IN_FRAMEWORK_HEADER = YES;
				CLANG_WARN_RANGE_LOOP_ANALYSIS = YES;
				CLANG_WARN_STRICT_PROTOTYPES = YES;
				CLANG_WARN_SUSPICIOUS_MOVE = YES;
				CLANG_WARN_UNGUARDED_AVAILABILITY = YES_AGGRESSIVE;
				CLANG_WARN_UNREACHABLE_CODE = YES;
				CLANG_WARN__DUPLICATE_METHOD_MATCH = YES;
				COPY_PHASE_STRIP = NO;
				DEBUG_INFORMATION_FORMAT = "dwarf-with-dsym";
				DEVELOPMENT_TEAM = W8AL9H4QRG;
				ENABLE_NS_ASSERTIONS = NO;
				ENABLE_STRICT_OBJC_MSGSEND = YES;
				ENABLE_USER_SCRIPT_SANDBOXING = YES;
				GCC_C_LANGUAGE_STANDARD = gnu17;
				GCC_NO_COMMON_BLOCKS = YES;
				GCC_WARN_64_TO_32_BIT_CONVERSION = YES;
				GCC_WARN_ABOUT_RETURN_TYPE = YES_ERROR;
				GCC_WARN_UNDECLARED_SELECTOR = YES;
				GCC_WARN_UNINITIALIZED_AUTOS = YES_AGGRESSIVE;
				GCC_WARN_UNUSED_FUNCTION = YES;
				GCC_WARN_UNUSED_VARIABLE = YES;
				IPHONEOS_DEPLOYMENT_TARGET = 18.4;
				LOCALIZATION_PREFERS_STRING_CATALOGS = YES;
				MTL_ENABLE_DEBUG_INFO = NO;
				MTL_FAST_MATH = YES;
				SDKROOT = iphoneos;
				SWIFT_COMPILATION_MODE = wholemodule;
				VALIDATE_PRODUCT = YES;
			};
			name = Release;
		};
		08BB03A82DA9BF3300DA40C0 /* Debug */ = {
			isa = XCBuildConfiguration;
			buildSettings = {
				ASSETCATALOG_COMPILER_APPICON_NAME = AppIcon;
				ASSETCATALOG_COMPILER_GLOBAL_ACCENT_COLOR_NAME = AccentColor;
				CODE_SIGN_STYLE = Automatic;
				CURRENT_PROJECT_VERSION = 1;
				DEVELOPMENT_TEAM = W8AL9H4QRG;
				ENABLE_PREVIEWS = YES;
				GENERATE_INFOPLIST_FILE = YES;
				INFOPLIST_KEY_NSCameraUsageDescription = "";
				INFOPLIST_KEY_NSMicrophoneUsageDescription = "to capture audio";
				INFOPLIST_KEY_NSSpeechRecognitionUsageDescription = "to get users speech";
				INFOPLIST_KEY_UIApplicationSupportsIndirectInputEvents = YES;
				INFOPLIST_KEY_UILaunchScreen_Generation = YES;
				INFOPLIST_KEY_UIRequiredDeviceCapabilities = arkit;
				INFOPLIST_KEY_UIStatusBarHidden = YES;
				INFOPLIST_KEY_UISupportedInterfaceOrientations_iPad = "UIInterfaceOrientationPortrait UIInterfaceOrientationPortraitUpsideDown UIInterfaceOrientationLandscapeLeft UIInterfaceOrientationLandscapeRight";
				INFOPLIST_KEY_UISupportedInterfaceOrientations_iPhone = "UIInterfaceOrientationPortrait UIInterfaceOrientationLandscapeLeft UIInterfaceOrientationLandscapeRight";
				IPHONEOS_DEPLOYMENT_TARGET = 18.0;
				LD_RUNPATH_SEARCH_PATHS = (
					"$(inherited)",
					"@executable_path/Frameworks",
				);
				MARKETING_VERSION = 1.0;
				PRODUCT_BUNDLE_IDENTIFIER = yash.Surgify12;
				PRODUCT_NAME = "$(TARGET_NAME)";
				SWIFT_EMIT_LOC_STRINGS = YES;
				SWIFT_VERSION = 5.0;
				TARGETED_DEVICE_FAMILY = "1,2";
			};
			name = Debug;
		};
		08BB03A92DA9BF3300DA40C0 /* Release */ = {
			isa = XCBuildConfiguration;
			buildSettings = {
				ASSETCATALOG_COMPILER_APPICON_NAME = AppIcon;
				ASSETCATALOG_COMPILER_GLOBAL_ACCENT_COLOR_NAME = AccentColor;
				CODE_SIGN_STYLE = Automatic;
				CURRENT_PROJECT_VERSION = 1;
				DEVELOPMENT_TEAM = W8AL9H4QRG;
				ENABLE_PREVIEWS = YES;
				GENERATE_INFOPLIST_FILE = YES;
				INFOPLIST_KEY_NSCameraUsageDescription = "";
				INFOPLIST_KEY_NSMicrophoneUsageDescription = "to capture audio";
				INFOPLIST_KEY_NSSpeechRecognitionUsageDescription = "to get users speech";
				INFOPLIST_KEY_UIApplicationSupportsIndirectInputEvents = YES;
				INFOPLIST_KEY_UILaunchScreen_Generation = YES;
				INFOPLIST_KEY_UIRequiredDeviceCapabilities = arkit;
				INFOPLIST_KEY_UIStatusBarHidden = YES;
				INFOPLIST_KEY_UISupportedInterfaceOrientations_iPad = "UIInterfaceOrientationPortrait UIInterfaceOrientationPortraitUpsideDown UIInterfaceOrientationLandscapeLeft UIInterfaceOrientationLandscapeRight";
				INFOPLIST_KEY_UISupportedInterfaceOrientations_iPhone = "UIInterfaceOrientationPortrait UIInterfaceOrientationLandscapeLeft UIInterfaceOrientationLandscapeRight";
				IPHONEOS_DEPLOYMENT_TARGET = 18.0;
				LD_RUNPATH_SEARCH_PATHS = (
					"$(inherited)",
					"@executable_path/Frameworks",
				);
				MARKETING_VERSION = 1.0;
				PRODUCT_BUNDLE_IDENTIFIER = yash.Surgify12;
				PRODUCT_NAME = "$(TARGET_NAME)";
				SWIFT_EMIT_LOC_STRINGS = YES;
				SWIFT_VERSION = 5.0;
				TARGETED_DEVICE_FAMILY = "1,2";
			};
			name = Release;
		};
		08BB03AB2DA9BF3300DA40C0 /* Debug */ = {
			isa = XCBuildConfiguration;
			buildSettings = {
				BUNDLE_LOADER = "$(TEST_HOST)";
				CODE_SIGN_STYLE = Automatic;
				CURRENT_PROJECT_VERSION = 1;
				DEVELOPMENT_TEAM = W8AL9H4QRG;
				GENERATE_INFOPLIST_FILE = YES;
				IPHONEOS_DEPLOYMENT_TARGET = 18.4;
				MARKETING_VERSION = 1.0;
				PRODUCT_BUNDLE_IDENTIFIER = yash.SurgifyTests;
				PRODUCT_NAME = "$(TARGET_NAME)";
				SWIFT_EMIT_LOC_STRINGS = NO;
				SWIFT_VERSION = 5.0;
				TARGETED_DEVICE_FAMILY = "1,2";
				TEST_HOST = "$(BUILT_PRODUCTS_DIR)/Surgify.app/$(BUNDLE_EXECUTABLE_FOLDER_PATH)/Surgify";
			};
			name = Debug;
		};
		08BB03AC2DA9BF3300DA40C0 /* Release */ = {
			isa = XCBuildConfiguration;
			buildSettings = {
				BUNDLE_LOADER = "$(TEST_HOST)";
				CODE_SIGN_STYLE = Automatic;
				CURRENT_PROJECT_VERSION = 1;
				DEVELOPMENT_TEAM = W8AL9H4QRG;
				GENERATE_INFOPLIST_FILE = YES;
				IPHONEOS_DEPLOYMENT_TARGET = 18.4;
				MARKETING_VERSION = 1.0;
				PRODUCT_BUNDLE_IDENTIFIER = yash.SurgifyTests;
				PRODUCT_NAME = "$(TARGET_NAME)";
				SWIFT_EMIT_LOC_STRINGS = NO;
				SWIFT_VERSION = 5.0;
				TARGETED_DEVICE_FAMILY = "1,2";
				TEST_HOST = "$(BUILT_PRODUCTS_DIR)/Surgify.app/$(BUNDLE_EXECUTABLE_FOLDER_PATH)/Surgify";
			};
			name = Release;
		};
		08BB03AE2DA9BF3300DA40C0 /* Debug */ = {
			isa = XCBuildConfiguration;
			buildSettings = {
				CODE_SIGN_STYLE = Automatic;
				CURRENT_PROJECT_VERSION = 1;
				DEVELOPMENT_TEAM = W8AL9H4QRG;
				GENERATE_INFOPLIST_FILE = YES;
				MARKETING_VERSION = 1.0;
				PRODUCT_BUNDLE_IDENTIFIER = yash.SurgifyUITests;
				PRODUCT_NAME = "$(TARGET_NAME)";
				SWIFT_EMIT_LOC_STRINGS = NO;
				SWIFT_VERSION = 5.0;
				TARGETED_DEVICE_FAMILY = "1,2";
				TEST_TARGET_NAME = Surgify;
			};
			name = Debug;
		};
		08BB03AF2DA9BF3300DA40C0 /* Release */ = {
			isa = XCBuildConfiguration;
			buildSettings = {
				CODE_SIGN_STYLE = Automatic;
				CURRENT_PROJECT_VERSION = 1;
				DEVELOPMENT_TEAM = W8AL9H4QRG;
				GENERATE_INFOPLIST_FILE = YES;
				MARKETING_VERSION = 1.0;
				PRODUCT_BUNDLE_IDENTIFIER = yash.SurgifyUITests;
				PRODUCT_NAME = "$(TARGET_NAME)";
				SWIFT_EMIT_LOC_STRINGS = NO;
				SWIFT_VERSION = 5.0;
				TARGETED_DEVICE_FAMILY = "1,2";
				TEST_TARGET_NAME = Surgify;
			};
			name = Release;
		};
/* End XCBuildConfiguration section */

/* Begin XCConfigurationList section */
		08BB03812DA9BF3100DA40C0 /* Build configuration list for PBXProject "Surgify" */ = {
			isa = XCConfigurationList;
			buildConfigurations = (
				08BB03A52DA9BF3300DA40C0 /* Debug */,
				08BB03A62DA9BF3300DA40C0 /* Release */,
			);
			defaultConfigurationIsVisible = 0;
			defaultConfigurationName = Release;
		};
		08BB03A72DA9BF3300DA40C0 /* Build configuration list for PBXNativeTarget "Surgify" */ = {
			isa = XCConfigurationList;
			buildConfigurations = (
				08BB03A82DA9BF3300DA40C0 /* Debug */,
				08BB03A92DA9BF3300DA40C0 /* Release */,
			);
			defaultConfigurationIsVisible = 0;
			defaultConfigurationName = Release;
		};
		08BB03AA2DA9BF3300DA40C0 /* Build configuration list for PBXNativeTarget "SurgifyTests" */ = {
			isa = XCConfigurationList;
			buildConfigurations = (
				08BB03AB2DA9BF3300DA40C0 /* Debug */,
				08BB03AC2DA9BF3300DA40C0 /* Release */,
			);
			defaultConfigurationIsVisible = 0;
			defaultConfigurationName = Release;
		};
		08BB03AD2DA9BF3300DA40C0 /* Build configuration list for PBXNativeTarget "SurgifyUITests" */ = {
			isa = XCConfigurationList;
			buildConfigurations = (
				08BB03AE2DA9BF3300DA40C0 /* Debug */,
				08BB03AF2DA9BF3300DA40C0 /* Release */,
			);
			defaultConfigurationIsVisible = 0;
			defaultConfigurationName = Release;
		};
/* End XCConfigurationList section */
	};
	rootObject = 08BB037E2DA9BF3100DA40C0 /* Project object */;
}
